
Microsoft Visual Studio Solution File, Format Version 12.00
# Visual Studio Version 17
VisualStudioVersion = 17.1.32319.34
MinimumVisualStudioVersion = 10.0.40219.1
Project("{FAE04EC0-301F-11D3-BF4B-00C04F79EFBC}") = "QuizAPI", "QuizAPI\QuizAPI.csproj", "{9F1F1AC4-87D9-4C08-8AA7-F169BCEBBC46}"
EndProject
Global
	GlobalSection(SolutionConfigurationPlatforms) = preSolution
		Debug|Any CPU = Debug|Any CPU
		Release|Any CPU = Release|Any CPU
	EndGlobalSection
	GlobalSection(ProjectConfigurationPlatforms) = postSolution
		{9F1F1AC4-87D9-4C08-8AA7-F169BCEBBC46}.Debug|Any CPU.ActiveCfg = Debug|Any CPU
		{9F1F1AC4-87D9-4C08-8AA7-F169BCEBBC46}.Debug|Any CPU.Build.0 = Debug|Any CPU
		{9F1F1AC4-87D9-4C08-8AA7-F169BCEBBC46}.Release|Any CPU.ActiveCfg = Release|Any CPU
		{9F1F1AC4-87D9-4C08-8AA7-F169BCEBBC46}.Release|Any CPU.Build.0 = Release|Any CPU
	EndGlobalSection
	GlobalSection(SolutionProperties) = preSolution
		HideSolutionNode = FALSE
	EndGlobalSection
	GlobalSection(ExtensibilityGlobals) = postSolution
		SolutionGuid = {124836C8-2CB3-416E-B3BF-3C23CC75C09D}
	EndGlobalSection
EndGlobal
